{
  "version": "5",
  "specifiers": {
    "jsr:@std/assert@^1.0.10": "1.0.13",
    "jsr:@std/collections@^1.0.9": "1.1.3",
    "jsr:@std/internal@^1.0.6": "1.0.12",
    "jsr:@zod/zod@^4.2.1": "4.2.1"
  },
  "jsr": {
    "@std/assert@1.0.13": {
      "integrity": "ae0d31e41919b12c656c742b22522c32fb26ed0cba32975cb0de2a273cb68b29",
      "dependencies": [
        "jsr:@std/internal"
      ]
    },
    "@std/collections@1.1.3": {
      "integrity": "bf8b0818886df6a32b64c7d3b037a425111f28278d69fd0995aeb62777c986b0"
    },
    "@std/internal@1.0.12": {
      "integrity": "972a634fd5bc34b242024402972cd5143eac68d8dffaca5eaa4dba30ce17b027"
    },
    "@zod/zod@4.2.1": {
      "integrity": "693a557fccaf73bfcbcd132ca286929f3343cda9efb56e9780985aa41d229b38"
    }
  },
  "remote": {
    "https://deno.land/std@0.76.0/encoding/base64.ts": "b1d8f99b778981548457ec74bc6273ad785ffd6f61b2233bd5b30925345b565d",
    "https://deno.land/std@0.76.0/encoding/hex.ts": "07a03ba41c96060a4ed4ba272e50b9e23f3c5b3839f4b069cdebc24d57434386",
    "https://deno.land/std@0.76.0/hash/_wasm/hash.ts": "005f64c4d9343ecbc91e0da9ae5e800f146c20930ad829bbb872c5c06bd89c5f",
    "https://deno.land/std@0.76.0/hash/_wasm/wasm.js": "5ac48aa0c3931d7f31dba628be5ab0aa4e786354197eb4d7d0583f9b50be1397",
    "https://deno.land/std@0.76.0/hash/hasher.ts": "099c9e2a91b9f106b9f01379705e17e7d9de392ee1ea2b8684a2adfa82ac3bfc",
    "https://deno.land/std@0.76.0/hash/mod.ts": "e764a6a9ab2f5519a97f928e17cc13d984e3dd5c7f742ff9c1c8fb3114790f0c",
    "https://deno.land/x/object_hash@2.0.3.1/index.ts": "74b20a0065dc0066c60510174626db1d18e53ec966edb6f76fa33a67aa0c44e3",
    "https://deno.land/x/object_hash@2.0.3.1/mod.ts": "648559bcafb54b930d4b6a283cc2eef20afa54de471371a97c2ccf8116941148"
  },
  "workspace": {
    "dependencies": [
      "jsr:@std/assert@^1.0.10",
      "jsr:@std/collections@^1.0.9",
      "jsr:@zod/zod@^4.2.1"
    ]
  }
}
