{
  "version": "4",
  "remote": {
    "https://deno.land/std@0.170.0/collections/_utils.ts": "fd759867be7a0047a1fa89ec89f7b58ebe3f2f7f089a8f4e416eb30c5d764868",
    "https://deno.land/std@0.170.0/collections/deep_merge.ts": "0303cca7697646c5464ecb3337d494602056babae4f09baf6619f1043ba7eb6d",
    "https://deno.land/std@0.170.0/datetime/_common.ts": "aa48c7b0d92c25a50733f26592ab6b9137917c5213a2a8a5ac70b4337f1c39af",
    "https://deno.land/std@0.170.0/datetime/constants.ts": "407b29df4d2ac7d5064c8ff565fa27b928ed07eb12a2e1521eb696d71d56c9f4",
    "https://deno.land/std@0.170.0/datetime/day_of_year.ts": "23e178dc11488466abdae00b2839d31ce98c652a3a9e79c4f44781b6d3e32cd4",
    "https://deno.land/std@0.170.0/datetime/difference.ts": "8bd9427df9570d181d6764bf20b5b1a57114fa9c2fed5905b00f296fbe844b17",
    "https://deno.land/std@0.170.0/datetime/format.ts": "3c0f18f1cc4359a739f4c58b845988dcc54322d384fa6d3b7d9c7066300f321e",
    "https://deno.land/std@0.170.0/datetime/is_leap.ts": "052773a4e5213996e99cbd31d24897b1bba45eaf6599d304765dd8431a1af700",
    "https://deno.land/std@0.170.0/datetime/mod.ts": "a7a13f23ea1ec7c52fd44cf0f866e90c51bf39739e2fdae5113cb6e8131f01b0",
    "https://deno.land/std@0.170.0/datetime/parse.ts": "18a6065654879cc6e9deb935d563f59cc28a1df58db1fd58b7493e06f5874ad7",
    "https://deno.land/std@0.170.0/datetime/to_imf.ts": "bdb0704a986a9bb48fba220722b3d4681e4b8c9c162562ee545ef2eb90b6edcd",
    "https://deno.land/std@0.170.0/datetime/week_of_year.ts": "09b2b11ec36d45cb825f1d93cc95c555b28f7334546e2ecb914dabfb2f2653f5",
    "https://deno.land/std@0.76.0/encoding/base64.ts": "b1d8f99b778981548457ec74bc6273ad785ffd6f61b2233bd5b30925345b565d",
    "https://deno.land/std@0.76.0/encoding/hex.ts": "07a03ba41c96060a4ed4ba272e50b9e23f3c5b3839f4b069cdebc24d57434386",
    "https://deno.land/std@0.76.0/hash/_wasm/hash.ts": "005f64c4d9343ecbc91e0da9ae5e800f146c20930ad829bbb872c5c06bd89c5f",
    "https://deno.land/std@0.76.0/hash/_wasm/wasm.js": "5ac48aa0c3931d7f31dba628be5ab0aa4e786354197eb4d7d0583f9b50be1397",
    "https://deno.land/std@0.76.0/hash/hasher.ts": "099c9e2a91b9f106b9f01379705e17e7d9de392ee1ea2b8684a2adfa82ac3bfc",
    "https://deno.land/std@0.76.0/hash/mod.ts": "e764a6a9ab2f5519a97f928e17cc13d984e3dd5c7f742ff9c1c8fb3114790f0c",
    "https://deno.land/x/object_hash@2.0.3.1/index.ts": "74b20a0065dc0066c60510174626db1d18e53ec966edb6f76fa33a67aa0c44e3",
    "https://deno.land/x/object_hash@2.0.3.1/mod.ts": "648559bcafb54b930d4b6a283cc2eef20afa54de471371a97c2ccf8116941148",
    "https://deno.land/x/zod@v3.20.2/ZodError.ts": "b4ff327bd2870a7c0930b30cb1d6eb741d36a5a7d0755fc3aa7146c108bc8a0e",
    "https://deno.land/x/zod@v3.20.2/errors.ts": "5285922d2be9700cc0c70c95e4858952b07ae193aa0224be3cbd5cd5567eabef",
    "https://deno.land/x/zod@v3.20.2/external.ts": "a6cfbd61e9e097d5f42f8a7ed6f92f93f51ff927d29c9fbaec04f03cbce130fe",
    "https://deno.land/x/zod@v3.20.2/helpers/enumUtil.ts": "54efc393cc9860e687d8b81ff52e980def00fa67377ad0bf8b3104f8a5bf698c",
    "https://deno.land/x/zod@v3.20.2/helpers/errorUtil.ts": "7a77328240be7b847af6de9189963bd9f79cab32bbc61502a9db4fe6683e2ea7",
    "https://deno.land/x/zod@v3.20.2/helpers/parseUtil.ts": "920a5623929a4be9110412f82d16ccda537a58e153c942a6d6b8a38329f293a1",
    "https://deno.land/x/zod@v3.20.2/helpers/partialUtil.ts": "8dc921a02b47384cf52217c7e539268daf619f89319b75bdf13ea178815725df",
    "https://deno.land/x/zod@v3.20.2/helpers/typeAliases.ts": "0fda31a063c6736fc3cf9090dd94865c811dfff4f3cb8707b932bf937c6f2c3e",
    "https://deno.land/x/zod@v3.20.2/helpers/util.ts": "a2548e96d646ea4a80636e311e1e2310edc26d8249808883bb4e3ea9930d4197",
    "https://deno.land/x/zod@v3.20.2/index.ts": "035a7422d9f2be54daa0fe464254b69225b443000673e4794095d672471e8792",
    "https://deno.land/x/zod@v3.20.2/locales/en.ts": "ac7210faad6e67ec4f6dbe7062886f04db79ce91ae5ee6c9f64cbdf6221bc80e",
    "https://deno.land/x/zod@v3.20.2/mod.ts": "64e55237cb4410e17d968cd08975566059f27638ebb0b86048031b987ba251c4",
    "https://deno.land/x/zod@v3.20.2/types.ts": "82b5fbb30d1ad0ed4c212002ebf4d43f0b253921c358e205936e6ee2308914d1"
  }
}
